<?xml version="1.0" encoding="utf-8"?>
<Project ToolsVersion="4.0" xmlns="http://schemas.microsoft.com/developer/msbuild/2003">
  <ItemGroup>
    <Filter Include="Header Files">
      <UniqueIdentifier>{93995380-89BD-4b04-88EB-625FBE52EBFB}</UniqueIdentifier>
      <Extensions>h;hh;hpp;hxx;hm;inl;inc;xsd</Extensions>
    </Filter>
    <Filter Include="Dane zewnętrzne">
      <UniqueIdentifier>{6241d386-44ee-4bd0-b9ea-522e3a6e893f}</UniqueIdentifier>
    </Filter>
    <Filter Include="Dane zewnętrzne\2011">
      <UniqueIdentifier>{07d109c3-8a49-41b9-b660-6a1cec61992c}</UniqueIdentifier>
    </Filter>
    <Filter Include="Dane zewnętrzne\2012">
      <UniqueIdentifier>{6efb79b7-df80-4809-9994-eb502a30315b}</UniqueIdentifier>
    </Filter>
    <Filter Include="Dane zewnętrzne\2014">
      <UniqueIdentifier>{9c529435-7c00-4ae3-bf59-1549751dedbe}</UniqueIdentifier>
    </Filter>
    <Filter Include="Dane zewnętrzne\2006">
      <UniqueIdentifier>{7bea5b0c-8683-41ab-a0d7-9e217035f259}</UniqueIdentifier>
    </Filter>
  </ItemGroup>
  <ItemGroup>
    <ClCompile Include="Index.cpp" />
  </ItemGroup>
  <ItemGroup>
    <ClInclude Include="matura_2011.h">
      <Filter>Header Files</Filter>
    </ClInclude>
    <ClInclude Include="matura_2012.h">
      <Filter>Header Files</Filter>
    </ClInclude>
    <ClInclude Include="matura_2014.h">
      <Filter>Header Files</Filter>
    </ClInclude>
    <ClInclude Include="matura_2006.h">
      <Filter>Header Files</Filter>
    </ClInclude>
    <ClInclude Include="matura_2007.h">
      <Filter>Header Files</Filter>
    </ClInclude>
  </ItemGroup>
  <ItemGroup>
    <Text Include="Dane\2011\liczby.txt">
      <Filter>Dane zewnętrzne\2011</Filter>
    </Text>
    <Text Include="Dane\2012\klucze1.txt">
      <Filter>Dane zewnętrzne\2012</Filter>
    </Text>
    <Text Include="Dane\2012\klucze2.txt">
      <Filter>Dane zewnętrzne\2012</Filter>
    </Text>
    <Text Include="Dane\2012\sz.txt">
      <Filter>Dane zewnętrzne\2012</Filter>
    </Text>
    <Text Include="Dane\2012\tj.txt">
      <Filter>Dane zewnętrzne\2012</Filter>
    </Text>
    <Text Include="Dane\2012\wyniki4a.txt">
      <Filter>Dane zewnętrzne\2012</Filter>
    </Text>
    <Text Include="Dane\2012\wyniki4b.txt">
      <Filter>Dane zewnętrzne\2012</Filter>
    </Text>
    <Text Include="Dane\2014\NAPIS.TXT">
      <Filter>Dane zewnętrzne\2014</Filter>
    </Text>
    <Text Include="Dane\2006\dane.txt">
      <Filter>Dane zewnętrzne\2006</Filter>
    </Text>
  </ItemGroup>
</Project>